
Microsoft Visual Studio Solution File, Format Version 12.00
# Visual Studio Version 16
VisualStudioVersion = 16.0.31729.503
MinimumVisualStudioVersion = 10.0.40219.1
Project("{FAE04EC0-301F-11D3-BF4B-00C04F79EFBC}") = "task13", "task13\task13.csproj", "{7D237286-4E09-4423-8CD3-8EBE744ED6DB}"
EndProject
Global
	GlobalSection(SolutionConfigurationPlatforms) = preSolution
		Debug|Any CPU = Debug|Any CPU
		Release|Any CPU = Release|Any CPU
	EndGlobalSection
	GlobalSection(ProjectConfigurationPlatforms) = postSolution
		{7D237286-4E09-4423-8CD3-8EBE744ED6DB}.Debug|Any CPU.ActiveCfg = Debug|Any CPU
		{7D237286-4E09-4423-8CD3-8EBE744ED6DB}.Debug|Any CPU.Build.0 = Debug|Any CPU
		{7D237286-4E09-4423-8CD3-8EBE744ED6DB}.Release|Any CPU.ActiveCfg = Release|Any CPU
		{7D237286-4E09-4423-8CD3-8EBE744ED6DB}.Release|Any CPU.Build.0 = Release|Any CPU
	EndGlobalSection
	GlobalSection(SolutionProperties) = preSolution
		HideSolutionNode = FALSE
	EndGlobalSection
	GlobalSection(ExtensibilityGlobals) = postSolution
		SolutionGuid = {9EC7B56D-49BD-4029-B828-55E0C0BB67B0}
	EndGlobalSection
EndGlobal
